// !$*UTF8*$!
{
	archiveVersion = 1;
	classes = {
	};
	objectVersion = 48;
	objects = {

/* Begin PBXBuildFile section */
		2A6FCAD82004F89B00A21AA8 /* moreDetailsViewController.swift in Sources */ = {isa = PBXBuildFile; fileRef = 2A6FCAD72004F89B00A21AA8 /* moreDetailsViewController.swift */; };
		2A70860E20040182006FB15E /* addItemsViewController.swift in Sources */ = {isa = PBXBuildFile; fileRef = 2A70860D20040182006FB15E /* addItemsViewController.swift */; };
		2A708610200401A1006FB15E /* availabelItemsViewController.swift in Sources */ = {isa = PBXBuildFile; fileRef = 2A70860F200401A1006FB15E /* availabelItemsViewController.swift */; };
		2A708612200401AF006FB15E /* contactsViewController.swift in Sources */ = {isa = PBXBuildFile; fileRef = 2A708611200401AF006FB15E /* contactsViewController.swift */; };
		2A708616200401E5006FB15E /* SignupViewController.swift in Sources */ = {isa = PBXBuildFile; fileRef = 2A708615200401E5006FB15E /* SignupViewController.swift */; };
		2A70861820040216006FB15E /* loginViewController.swift in Sources */ = {isa = PBXBuildFile; fileRef = 2A70861720040216006FB15E /* loginViewController.swift */; };
		2AA5160D2000915B0021B4EB /* AppDelegate.swift in Sources */ = {isa = PBXBuildFile; fileRef = 2AA5160C2000915B0021B4EB /* AppDelegate.swift */; };
		2AA516122000915B0021B4EB /* Main.storyboard in Resources */ = {isa = PBXBuildFile; fileRef = 2AA516102000915B0021B4EB /* Main.storyboard */; };
		2AA516142000915B0021B4EB /* Assets.xcassets in Resources */ = {isa = PBXBuildFile; fileRef = 2AA516132000915B0021B4EB /* Assets.xcassets */; };
		2AA516172000915B0021B4EB /* LaunchScreen.storyboard in Resources */ = {isa = PBXBuildFile; fileRef = 2AA516152000915B0021B4EB /* LaunchScreen.storyboard */; };
		2ABDB6FE2007CD1B008902AB /* feedbackViewController.swift in Sources */ = {isa = PBXBuildFile; fileRef = 2ABDB6FD2007CD1B008902AB /* feedbackViewController.swift */; };
		2AF47E2120069EFF00A9A816 /* customTableViewCell.swift in Sources */ = {isa = PBXBuildFile; fileRef = 2AF47E2020069EFF00A9A816 /* customTableViewCell.swift */; };
		2AF47E242006AEE400A9A816 /* GoogleService-Info.plist in Resources */ = {isa = PBXBuildFile; fileRef = 2AF47E232006AEE300A9A816 /* GoogleService-Info.plist */; };
		451734EB86E7001EE55D8E29 /* Pods_LnF_V2_0.framework in Frameworks */ = {isa = PBXBuildFile; fileRef = C25E365D8F8D739BEB87C4C6 /* Pods_LnF_V2_0.framework */; };
/* End PBXBuildFile section */

/* Begin PBXFileReference section */
		2A6FCAD72004F89B00A21AA8 /* moreDetailsViewController.swift */ = {isa = PBXFileReference; lastKnownFileType = sourcecode.swift; path = moreDetailsViewController.swift; sourceTree = "<group>"; };
		2A70860D20040182006FB15E /* addItemsViewController.swift */ = {isa = PBXFileReference; lastKnownFileType = sourcecode.swift; path = addItemsViewController.swift; sourceTree = "<group>"; };
		2A70860F200401A1006FB15E /* availabelItemsViewController.swift */ = {isa = PBXFileReference; lastKnownFileType = sourcecode.swift; path = availabelItemsViewController.swift; sourceTree = "<group>"; };
		2A708611200401AF006FB15E /* contactsViewController.swift */ = {isa = PBXFileReference; lastKnownFileType = sourcecode.swift; path = contactsViewController.swift; sourceTree = "<group>"; };
		2A708615200401E5006FB15E /* SignupViewController.swift */ = {isa = PBXFileReference; lastKnownFileType = sourcecode.swift; path = SignupViewController.swift; sourceTree = "<group>"; };
		2A70861720040216006FB15E /* loginViewController.swift */ = {isa = PBXFileReference; lastKnownFileType = sourcecode.swift; path = loginViewController.swift; sourceTree = "<group>"; };
		2AA516092000915B0021B4EB /* LnF V2.0.app */ = {isa = PBXFileReference; explicitFileType = wrapper.application; includeInIndex = 0; path = "LnF V2.0.app"; sourceTree = BUILT_PRODUCTS_DIR; };
		2AA5160C2000915B0021B4EB /* AppDelegate.swift */ = {isa = PBXFileReference; lastKnownFileType = sourcecode.swift; path = AppDelegate.swift; sourceTree = "<group>"; };
		2AA516112000915B0021B4EB /* Base */ = {isa = PBXFileReference; lastKnownFileType = file.storyboard; name = Base; path = Base.lproj/Main.storyboard; sourceTree = "<group>"; };
		2AA516132000915B0021B4EB /* Assets.xcassets */ = {isa = PBXFileReference; lastKnownFileType = folder.assetcatalog; path = Assets.xcassets; sourceTree = "<group>"; };
		2AA516162000915B0021B4EB /* Base */ = {isa = PBXFileReference; lastKnownFileType = file.storyboard; name = Base; path = Base.lproj/LaunchScreen.storyboard; sourceTree = "<group>"; };
		2AA516182000915B0021B4EB /* Info.plist */ = {isa = PBXFileReference; lastKnownFileType = text.plist.xml; path = Info.plist; sourceTree = "<group>"; };
		2ABDB6FD2007CD1B008902AB /* feedbackViewController.swift */ = {isa = PBXFileReference; lastKnownFileType = sourcecode.swift; path = feedbackViewController.swift; sourceTree = "<group>"; };
		2AF47E2020069EFF00A9A816 /* customTableViewCell.swift */ = {isa = PBXFileReference; lastKnownFileType = sourcecode.swift; path = customTableViewCell.swift; sourceTree = "<group>"; };
		2AF47E232006AEE300A9A816 /* GoogleService-Info.plist */ = {isa = PBXFileReference; fileEncoding = 4; lastKnownFileType = text.plist.xml; path = "GoogleService-Info.plist"; sourceTree = "<group>"; };
		332785B1E6F16994291E2A18 /* Pods-LnF V2.0.debug.xcconfig */ = {isa = PBXFileReference; includeInIndex = 1; lastKnownFileType = text.xcconfig; name = "Pods-LnF V2.0.debug.xcconfig"; path = "Pods/Target Support Files/Pods-LnF V2.0/Pods-LnF V2.0.debug.xcconfig"; sourceTree = "<group>"; };
		6536BEA23D702F4F229F24A1 /* Pods-LnF V2.0.release.xcconfig */ = {isa = PBXFileReference; includeInIndex = 1; lastKnownFileType = text.xcconfig; name = "Pods-LnF V2.0.release.xcconfig"; path = "Pods/Target Support Files/Pods-LnF V2.0/Pods-LnF V2.0.release.xcconfig"; sourceTree = "<group>"; };
		C25E365D8F8D739BEB87C4C6 /* Pods_LnF_V2_0.framework */ = {isa = PBXFileReference; explicitFileType = wrapper.framework; includeInIndex = 0; path = Pods_LnF_V2_0.framework; sourceTree = BUILT_PRODUCTS_DIR; };
/* End PBXFileReference section */

/* Begin PBXFrameworksBuildPhase section */
		2AA516062000915B0021B4EB /* Frameworks */ = {
			isa = PBXFrameworksBuildPhase;
			buildActionMask = 2147483647;
			files = (
				451734EB86E7001EE55D8E29 /* Pods_LnF_V2_0.framework in Frameworks */,
			);
			runOnlyForDeploymentPostprocessing = 0;
		};
/* End PBXFrameworksBuildPhase section */

/* Begin PBXGroup section */
		2A70860C2004004D006FB15E /* ViewControllers */ = {
			isa = PBXGroup;
			children = (
				2A6FCAD72004F89B00A21AA8 /* moreDetailsViewController.swift */,
				2A70860F200401A1006FB15E /* availabelItemsViewController.swift */,
				2A708615200401E5006FB15E /* SignupViewController.swift */,
				2A708611200401AF006FB15E /* contactsViewController.swift */,
				2A70861720040216006FB15E /* loginViewController.swift */,
				2ABDB6FD2007CD1B008902AB /* feedbackViewController.swift */,
				2A70860D20040182006FB15E /* addItemsViewController.swift */,
				2AF47E222006A6E100A9A816 /* supportingFiles */,
			);
			path = ViewControllers;
			sourceTree = "<group>";
		};
		2AA516002000915B0021B4EB = {
			isa = PBXGroup;
			children = (
				2AA5160B2000915B0021B4EB /* LnF V2.0 */,
				2AA5160A2000915B0021B4EB /* Products */,
				E177CA9436C9F9307F63DE25 /* Pods */,
				2CF8DB5AA37BAD6EA7B81EBD /* Frameworks */,
			);
			sourceTree = "<group>";
		};
		2AA5160A2000915B0021B4EB /* Products */ = {
			isa = PBXGroup;
			children = (
				2AA516092000915B0021B4EB /* LnF V2.0.app */,
			);
			name = Products;
			sourceTree = "<group>";
		};
		2AA5160B2000915B0021B4EB /* LnF V2.0 */ = {
			isa = PBXGroup;
			children = (
				2AA5160C2000915B0021B4EB /* AppDelegate.swift */,
				2A70860C2004004D006FB15E /* ViewControllers */,
				2AA516102000915B0021B4EB /* Main.storyboard */,
				2AF47E232006AEE300A9A816 /* GoogleService-Info.plist */,
				2AA516132000915B0021B4EB /* Assets.xcassets */,
				2AA516152000915B0021B4EB /* LaunchScreen.storyboard */,
				2AA516182000915B0021B4EB /* Info.plist */,
			);
			path = "LnF V2.0";
			sourceTree = "<group>";
		};
		2AF47E222006A6E100A9A816 /* supportingFiles */ = {
			isa = PBXGroup;
			children = (
				2AF47E2020069EFF00A9A816 /* customTableViewCell.swift */,
			);
			path = supportingFiles;
			sourceTree = "<group>";
		};
		2CF8DB5AA37BAD6EA7B81EBD /* Frameworks */ = {
			isa = PBXGroup;
			children = (
				C25E365D8F8D739BEB87C4C6 /* Pods_LnF_V2_0.framework */,
			);
			name = Frameworks;
			sourceTree = "<group>";
		};
		E177CA9436C9F9307F63DE25 /* Pods */ = {
			isa = PBXGroup;
			children = (
				332785B1E6F16994291E2A18 /* Pods-LnF V2.0.debug.xcconfig */,
				6536BEA23D702F4F229F24A1 /* Pods-LnF V2.0.release.xcconfig */,
			);
			name = Pods;
			sourceTree = "<group>";
		};
/* End PBXGroup section */

/* Begin PBXNativeTarget section */
		2AA516082000915B0021B4EB /* LnF V2.0 */ = {
			isa = PBXNativeTarget;
			buildConfigurationList = 2AA5161B2000915B0021B4EB /* Build configuration list for PBXNativeTarget "LnF V2.0" */;
			buildPhases = (
				10CBDCD133484C8D6D7D594E /* [CP] Check Pods Manifest.lock */,
				2AA516052000915B0021B4EB /* Sources */,
				2AA516062000915B0021B4EB /* Frameworks */,
				2AA516072000915B0021B4EB /* Resources */,
				2847748015858103CF4C1C7D /* [CP] Embed Pods Frameworks */,
				D93D9DC84D1FB1575C78621D /* [CP] Copy Pods Resources */,
			);
			buildRules = (
			);
			dependencies = (
			);
			name = "LnF V2.0";
			productName = "LnF V2.0";
			productReference = 2AA516092000915B0021B4EB /* LnF V2.0.app */;
			productType = "com.apple.product-type.application";
		};
/* End PBXNativeTarget section */

/* Begin PBXProject section */
		2AA516012000915B0021B4EB /* Project object */ = {
			isa = PBXProject;
			attributes = {
				LastSwiftUpdateCheck = 0920;
				LastUpgradeCheck = 0920;
				ORGANIZATIONNAME = "Ayush Verma";
				TargetAttributes = {
					2AA516082000915B0021B4EB = {
						CreatedOnToolsVersion = 9.2;
						ProvisioningStyle = Automatic;
					};
				};
			};
			buildConfigurationList = 2AA516042000915B0021B4EB /* Build configuration list for PBXProject "LnF V2.0" */;
			compatibilityVersion = "Xcode 8.0";
			developmentRegion = en;
			hasScannedForEncodings = 0;
			knownRegions = (
				en,
				Base,
			);
			mainGroup = 2AA516002000915B0021B4EB;
			productRefGroup = 2AA5160A2000915B0021B4EB /* Products */;
			projectDirPath = "";
			projectRoot = "";
			targets = (
				2AA516082000915B0021B4EB /* LnF V2.0 */,
			);
		};
/* End PBXProject section */

/* Begin PBXResourcesBuildPhase section */
		2AA516072000915B0021B4EB /* Resources */ = {
			isa = PBXResourcesBuildPhase;
			buildActionMask = 2147483647;
			files = (
				2AA516172000915B0021B4EB /* LaunchScreen.storyboard in Resources */,
				2AF47E242006AEE400A9A816 /* GoogleService-Info.plist in Resources */,
				2AA516142000915B0021B4EB /* Assets.xcassets in Resources */,
				2AA516122000915B0021B4EB /* Main.storyboard in Resources */,
			);
			runOnlyForDeploymentPostprocessing = 0;
		};
/* End PBXResourcesBuildPhase section */

/* Begin PBXShellScriptBuildPhase section */
		10CBDCD133484C8D6D7D594E /* [CP] Check Pods Manifest.lock */ = {
			isa = PBXShellScriptBuildPhase;
			buildActionMask = 2147483647;
			files = (
			);
			inputPaths = (
				"${PODS_PODFILE_DIR_PATH}/Podfile.lock",
				"${PODS_ROOT}/Manifest.lock",
			);
			name = "[CP] Check Pods Manifest.lock";
			outputPaths = (
				"$(DERIVED_FILE_DIR)/Pods-LnF V2.0-checkManifestLockResult.txt",
			);
			runOnlyForDeploymentPostprocessing = 0;
			shellPath = /bin/sh;
			shellScript = "diff \"${PODS_PODFILE_DIR_PATH}/Podfile.lock\" \"${PODS_ROOT}/Manifest.lock\" > /dev/null\nif [ $? != 0 ] ; then\n    # print error to STDERR\n    echo \"error: The sandbox is not in sync with the Podfile.lock. Run 'pod install' or update your CocoaPods installation.\" >&2\n    exit 1\nfi\n# This output is used by Xcode 'outputs' to avoid re-running this script phase.\necho \"SUCCESS\" > \"${SCRIPT_OUTPUT_FILE_0}\"\n";
			showEnvVarsInLog = 0;
		};
		2847748015858103CF4C1C7D /* [CP] Embed Pods Frameworks */ = {
			isa = PBXShellScriptBuildPhase;
			buildActionMask = 2147483647;
			files = (
			);
			inputPaths = (
				"${SRCROOT}/Pods/Target Support Files/Pods-LnF V2.0/Pods-LnF V2.0-frameworks.sh",
				"${BUILT_PRODUCTS_DIR}/GTMSessionFetcher/GTMSessionFetcher.framework",
				"${BUILT_PRODUCTS_DIR}/GoogleToolboxForMac/GoogleToolboxForMac.framework",
				"${BUILT_PRODUCTS_DIR}/leveldb-library/leveldb.framework",
				"${BUILT_PRODUCTS_DIR}/lottie-ios/Lottie.framework",
				"${BUILT_PRODUCTS_DIR}/nanopb/nanopb.framework",
			);
			name = "[CP] Embed Pods Frameworks";
			outputPaths = (
				"${TARGET_BUILD_DIR}/${FRAMEWORKS_FOLDER_PATH}/GTMSessionFetcher.framework",
				"${TARGET_BUILD_DIR}/${FRAMEWORKS_FOLDER_PATH}/GoogleToolboxForMac.framework",
				"${TARGET_BUILD_DIR}/${FRAMEWORKS_FOLDER_PATH}/leveldb.framework",
				"${TARGET_BUILD_DIR}/${FRAMEWORKS_FOLDER_PATH}/Lottie.framework",
				"${TARGET_BUILD_DIR}/${FRAMEWORKS_FOLDER_PATH}/nanopb.framework",
			);
			runOnlyForDeploymentPostprocessing = 0;
			shellPath = /bin/sh;
			shellScript = "\"${SRCROOT}/Pods/Target Support Files/Pods-LnF V2.0/Pods-LnF V2.0-frameworks.sh\"\n";
			showEnvVarsInLog = 0;
		};
		D93D9DC84D1FB1575C78621D /* [CP] Copy Pods Resources */ = {
			isa = PBXShellScriptBuildPhase;
			buildActionMask = 2147483647;
			files = (
			);
			inputPaths = (
			);
			name = "[CP] Copy Pods Resources";
			outputPaths = (
			);
			runOnlyForDeploymentPostprocessing = 0;
			shellPath = /bin/sh;
			shellScript = "\"${SRCROOT}/Pods/Target Support Files/Pods-LnF V2.0/Pods-LnF V2.0-resources.sh\"\n";
			showEnvVarsInLog = 0;
		};
/* End PBXShellScriptBuildPhase section */

/* Begin PBXSourcesBuildPhase section */
		2AA516052000915B0021B4EB /* Sources */ = {
			isa = PBXSourcesBuildPhase;
			buildActionMask = 2147483647;
			files = (
				2A70861820040216006FB15E /* loginViewController.swift in Sources */,
				2A708616200401E5006FB15E /* SignupViewController.swift in Sources */,
				2A6FCAD82004F89B00A21AA8 /* moreDetailsViewController.swift in Sources */,
				2AA5160D2000915B0021B4EB /* AppDelegate.swift in Sources */,
				2A708612200401AF006FB15E /* contactsViewController.swift in Sources */,
				2A70860E20040182006FB15E /* addItemsViewController.swift in Sources */,
				2A708610200401A1006FB15E /* availabelItemsViewController.swift in Sources */,
				2AF47E2120069EFF00A9A816 /* customTableViewCell.swift in Sources */,
				2ABDB6FE2007CD1B008902AB /* feedbackViewController.swift in Sources */,
			);
			runOnlyForDeploymentPostprocessing = 0;
		};
/* End PBXSourcesBuildPhase section */

/* Begin PBXVariantGroup section */
		2AA516102000915B0021B4EB /* Main.storyboard */ = {
			isa = PBXVariantGroup;
			children = (
				2AA516112000915B0021B4EB /* Base */,
			);
			name = Main.storyboard;
			sourceTree = "<group>";
		};
		2AA516152000915B0021B4EB /* LaunchScreen.storyboard */ = {
			isa = PBXVariantGroup;
			children = (
				2AA516162000915B0021B4EB /* Base */,
			);
			name = LaunchScreen.storyboard;
			sourceTree = "<group>";
		};
/* End PBXVariantGroup section */

/* Begin XCBuildConfiguration section */
		2AA516192000915B0021B4EB /* Debug */ = {
			isa = XCBuildConfiguration;
			buildSettings = {
				ALWAYS_SEARCH_USER_PATHS = NO;
				CLANG_ANALYZER_NONNULL = YES;
				CLANG_ANALYZER_NUMBER_OBJECT_CONVERSION = YES_AGGRESSIVE;
				CLANG_CXX_LANGUAGE_STANDARD = "gnu++14";
				CLANG_CXX_LIBRARY = "libc++";
				CLANG_ENABLE_MODULES = YES;
				CLANG_ENABLE_OBJC_ARC = YES;
				CLANG_WARN_BLOCK_CAPTURE_AUTORELEASING = YES;
				CLANG_WARN_BOOL_CONVERSION = YES;
				CLANG_WARN_COMMA = YES;
				CLANG_WARN_CONSTANT_CONVERSION = YES;
				CLANG_WARN_DIRECT_OBJC_ISA_USAGE = YES_ERROR;
				CLANG_WARN_DOCUMENTATION_COMMENTS = YES;
				CLANG_WARN_EMPTY_BODY = YES;
				CLANG_WARN_ENUM_CONVERSION = YES;
				CLANG_WARN_INFINITE_RECURSION = YES;
				CLANG_WARN_INT_CONVERSION = YES;
				CLANG_WARN_NON_LITERAL_NULL_CONVERSION = YES;
				CLANG_WARN_OBJC_LITERAL_CONVERSION = YES;
				CLANG_WARN_OBJC_ROOT_CLASS = YES_ERROR;
				CLANG_WARN_RANGE_LOOP_ANALYSIS = YES;
				CLANG_WARN_STRICT_PROTOTYPES = YES;
				CLANG_WARN_SUSPICIOUS_MOVE = YES;
				CLANG_WARN_UNGUARDED_AVAILABILITY = YES_AGGRESSIVE;
				CLANG_WARN_UNREACHABLE_CODE = YES;
				CLANG_WARN__DUPLICATE_METHOD_MATCH = YES;
				CODE_SIGN_IDENTITY = "iPhone Developer";
				COPY_PHASE_STRIP = NO;
				DEBUG_INFORMATION_FORMAT = dwarf;
				ENABLE_STRICT_OBJC_MSGSEND = YES;
				ENABLE_TESTABILITY = YES;
				GCC_C_LANGUAGE_STANDARD = gnu11;
				GCC_DYNAMIC_NO_PIC = NO;
				GCC_NO_COMMON_BLOCKS = YES;
				GCC_OPTIMIZATION_LEVEL = 0;
				GCC_PREPROCESSOR_DEFINITIONS = (
					"DEBUG=1",
					"$(inherited)",
				);
				GCC_WARN_64_TO_32_BIT_CONVERSION = YES;
				GCC_WARN_ABOUT_RETURN_TYPE = YES_ERROR;
				GCC_WARN_UNDECLARED_SELECTOR = YES;
				GCC_WARN_UNINITIALIZED_AUTOS = YES_AGGRESSIVE;
				GCC_WARN_UNUSED_FUNCTION = YES;
				GCC_WARN_UNUSED_VARIABLE = YES;
				IPHONEOS_DEPLOYMENT_TARGET = 11.2;
				MTL_ENABLE_DEBUG_INFO = YES;
				ONLY_ACTIVE_ARCH = YES;
				SDKROOT = iphoneos;
				SWIFT_ACTIVE_COMPILATION_CONDITIONS = DEBUG;
				SWIFT_OPTIMIZATION_LEVEL = "-Onone";
			};
			name = Debug;
		};
		2AA5161A2000915B0021B4EB /* Release */ = {
			isa = XCBuildConfiguration;
			buildSettings = {
				ALWAYS_SEARCH_USER_PATHS = NO;
				CLANG_ANALYZER_NONNULL = YES;
				CLANG_ANALYZER_NUMBER_OBJECT_CONVERSION = YES_AGGRESSIVE;
				CLANG_CXX_LANGUAGE_STANDARD = "gnu++14";
				CLANG_CXX_LIBRARY = "libc++";
				CLANG_ENABLE_MODULES = YES;
				CLANG_ENABLE_OBJC_ARC = YES;
				CLANG_WARN_BLOCK_CAPTURE_AUTORELEASING = YES;
				CLANG_WARN_BOOL_CONVERSION = YES;
				CLANG_WARN_COMMA = YES;
				CLANG_WARN_CONSTANT_CONVERSION = YES;
				CLANG_WARN_DIRECT_OBJC_ISA_USAGE = YES_ERROR;
				CLANG_WARN_DOCUMENTATION_COMMENTS = YES;
				CLANG_WARN_EMPTY_BODY = YES;
				CLANG_WARN_ENUM_CONVERSION = YES;
				CLANG_WARN_INFINITE_RECURSION = YES;
				CLANG_WARN_INT_CONVERSION = YES;
				CLANG_WARN_NON_LITERAL_NULL_CONVERSION = YES;
				CLANG_WARN_OBJC_LITERAL_CONVERSION = YES;
				CLANG_WARN_OBJC_ROOT_CLASS = YES_ERROR;
				CLANG_WARN_RANGE_LOOP_ANALYSIS = YES;
				CLANG_WARN_STRICT_PROTOTYPES = YES;
				CLANG_WARN_SUSPICIOUS_MOVE = YES;
				CLANG_WARN_UNGUARDED_AVAILABILITY = YES_AGGRESSIVE;
				CLANG_WARN_UNREACHABLE_CODE = YES;
				CLANG_WARN__DUPLICATE_METHOD_MATCH = YES;
				CODE_SIGN_IDENTITY = "iPhone Developer";
				COPY_PHASE_STRIP = NO;
				DEBUG_INFORMATION_FORMAT = "dwarf-with-dsym";
				ENABLE_NS_ASSERTIONS = NO;
				ENABLE_STRICT_OBJC_MSGSEND = YES;
				GCC_C_LANGUAGE_STANDARD = gnu11;
				GCC_NO_COMMON_BLOCKS = YES;
				GCC_WARN_64_TO_32_BIT_CONVERSION = YES;
				GCC_WARN_ABOUT_RETURN_TYPE = YES_ERROR;
				GCC_WARN_UNDECLARED_SELECTOR = YES;
				GCC_WARN_UNINITIALIZED_AUTOS = YES_AGGRESSIVE;
				GCC_WARN_UNUSED_FUNCTION = YES;
				GCC_WARN_UNUSED_VARIABLE = YES;
				IPHONEOS_DEPLOYMENT_TARGET = 11.2;
				MTL_ENABLE_DEBUG_INFO = NO;
				SDKROOT = iphoneos;
				SWIFT_OPTIMIZATION_LEVEL = "-Owholemodule";
				VALIDATE_PRODUCT = YES;
			};
			name = Release;
		};
		2AA5161C2000915B0021B4EB /* Debug */ = {
			isa = XCBuildConfiguration;
			baseConfigurationReference = 332785B1E6F16994291E2A18 /* Pods-LnF V2.0.debug.xcconfig */;
			buildSettings = {
				ASSETCATALOG_COMPILER_APPICON_NAME = AppIcon;
				CODE_SIGN_STYLE = Automatic;
				DEVELOPMENT_TEAM = 4FUFV9ADLZ;
				INFOPLIST_FILE = "LnF V2.0/Info.plist";
				LD_RUNPATH_SEARCH_PATHS = "$(inherited) @executable_path/Frameworks";
				PRODUCT_BUNDLE_IDENTIFIER = "com.Ayush.LnF-V2-0";
				PRODUCT_NAME = "$(TARGET_NAME)";
				SWIFT_VERSION = 4.0;
				TARGETED_DEVICE_FAMILY = "1,2";
			};
			name = Debug;
		};
		2AA5161D2000915B0021B4EB /* Release */ = {
			isa = XCBuildConfiguration;
			baseConfigurationReference = 6536BEA23D702F4F229F24A1 /* Pods-LnF V2.0.release.xcconfig */;
			buildSettings = {
				ASSETCATALOG_COMPILER_APPICON_NAME = AppIcon;
				CODE_SIGN_STYLE = Automatic;
				DEVELOPMENT_TEAM = 4FUFV9ADLZ;
				INFOPLIST_FILE = "LnF V2.0/Info.plist";
				LD_RUNPATH_SEARCH_PATHS = "$(inherited) @executable_path/Frameworks";
				PRODUCT_BUNDLE_IDENTIFIER = "com.Ayush.LnF-V2-0";
				PRODUCT_NAME = "$(TARGET_NAME)";
				SWIFT_VERSION = 4.0;
				TARGETED_DEVICE_FAMILY = "1,2";
			};
			name = Release;
		};
/* End XCBuildConfiguration section */

/* Begin XCConfigurationList section */
		2AA516042000915B0021B4EB /* Build configuration list for PBXProject "LnF V2.0" */ = {
			isa = XCConfigurationList;
			buildConfigurations = (
				2AA516192000915B0021B4EB /* Debug */,
				2AA5161A2000915B0021B4EB /* Release */,
			);
			defaultConfigurationIsVisible = 0;
			defaultConfigurationName = Release;
		};
		2AA5161B2000915B0021B4EB /* Build configuration list for PBXNativeTarget "LnF V2.0" */ = {
			isa = XCConfigurationList;
			buildConfigurations = (
				2AA5161C2000915B0021B4EB /* Debug */,
				2AA5161D2000915B0021B4EB /* Release */,
			);
			defaultConfigurationIsVisible = 0;
			defaultConfigurationName = Release;
		};
/* End XCConfigurationList section */
	};
	rootObject = 2AA516012000915B0021B4EB /* Project object */;
}
